<Solution>
  <Project Path="TCSA.KnowTheCity.CdnSimulator/TCSA.KnowTheCity.CdnSimulator.csproj" />
  <Project Path="TCSA.KnowTheCity.Core/TCSA.KnowTheCity.Core.csproj" />
  <Project Path="TCSA.KnowTheCity.IntegrationTests/TCSA.KnowTheCity.IntegrationTests.csproj" />
  <Project Path="TCSA.KnowTheCity.UnitTests/TCSA.KnowTheCity.UnitTests.csproj" />
  <Project Path="TCSA.KnowTheCity/TCSA.KnowTheCity.csproj">
    <Deploy />
  </Project>
</Solution>
